
Microsoft Visual Studio Solution File, Format Version 12.00
# Visual Studio Version 16
VisualStudioVersion = 16.0.28527.54
MinimumVisualStudioVersion = 10.0.40219.1
Project("{2150E333-8FDC-42A3-9474-1A3956D46DE8}") = "Ders2", "Ders2", "{D37B5EB8-6D10-4572-B89C-F1C9B19688EC}"
EndProject
Project("{FAE04EC0-301F-11D3-BF4B-00C04F79EFBC}") = "AjaxIslemler", "AjaxIslemler\AjaxIslemler.csproj", "{BDD8B8D3-6567-42B9-848B-5F51C8A0EBBE}"
EndProject
Project("{FAE04EC0-301F-11D3-BF4B-00C04F79EFBC}") = "MvcExamples-01-Layout", "MvcExamples-01-Layout\MvcExamples-01-Layout.csproj", "{5D1BE21D-9A1E-4665-B8F7-EF70474A00F7}"
EndProject
Project("{FAE04EC0-301F-11D3-BF4B-00C04F79EFBC}") = "MvcExamples-02-WebSiteProject", "MvcExamples-02-WebSiteProject\MvcExamples-02-WebSiteProject.csproj", "{4A7254DC-8E49-45EF-90F0-5290583B6E94}"
EndProject
Project("{2150E333-8FDC-42A3-9474-1A3956D46DE8}") = "Ders3", "Ders3", "{990E879E-F477-4573-96BD-AD43E8914359}"
EndProject
Project("{2150E333-8FDC-42A3-9474-1A3956D46DE8}") = "Ders1", "Ders1", "{76A85CB2-8A06-44FA-9280-0903E24D3AD5}"
EndProject
Project("{2150E333-8FDC-42A3-9474-1A3956D46DE8}") = "Proje", "Proje", "{F0DE489F-CC72-4F68-ACB2-918914602979}"
EndProject
Project("{2150E333-8FDC-42A3-9474-1A3956D46DE8}") = "Tema", "Tema", "{60CB0E26-B768-416C-873A-6A6CC447048B}"
EndProject
Project("{FAE04EC0-301F-11D3-BF4B-00C04F79EFBC}") = "Admin.Tema", "Admin.Tema\Admin.Tema.csproj", "{9CECF10B-1013-4357-B29C-4B8C90688451}"
EndProject
Project("{FAE04EC0-301F-11D3-BF4B-00C04F79EFBC}") = "Admin.Web.UI", "Admin.Web.UI\Admin.Web.UI.csproj", "{0BB5A3B7-F9CD-458F-B77E-349851BB3A40}"
EndProject
Project("{FAE04EC0-301F-11D3-BF4B-00C04F79EFBC}") = "Admin.Models", "Admin.Models\Admin.Models.csproj", "{2DFEBD0A-CDE1-414B-9755-6115B13766E8}"
EndProject
Project("{FAE04EC0-301F-11D3-BF4B-00C04F79EFBC}") = "Admin.DAL", "Admin.DAL\Admin.DAL.csproj", "{37900178-8E01-4582-AA46-9C95F1AF39BB}"
EndProject
Project("{FAE04EC0-301F-11D3-BF4B-00C04F79EFBC}") = "Admin.BLL", "Admin.BLL\Admin.BLL.csproj", "{E21EBB06-03E7-418A-8DDD-5E225A4B9058}"
EndProject
Project("{2150E333-8FDC-42A3-9474-1A3956D46DE8}") = "Ders3-MyWebsite", "Ders3-MyWebsite", "{B289BC81-88F5-4AC4-9C4A-9DFF22D0FD4E}"
EndProject
Project("{FAE04EC0-301F-11D3-BF4B-00C04F79EFBC}") = "MyWebSite.DAL", "MyWebSite.DAL\MyWebSite.DAL.csproj", "{9D7054B3-EB06-4843-8A04-C5E9A7BE8F83}"
EndProject
Project("{FAE04EC0-301F-11D3-BF4B-00C04F79EFBC}") = "MyWebSite.BLL", "MyWebSite.BLL\MyWebSite.BLL.csproj", "{802BC0BA-A152-4B16-A98E-CDEA7A0F428D}"
EndProject
Project("{FAE04EC0-301F-11D3-BF4B-00C04F79EFBC}") = "MyWebSite", "MyWebSite\MyWebSite.csproj", "{C47A4B28-E8FF-4D74-B45C-1C02518B9A36}"
EndProject
Project("{2150E333-8FDC-42A3-9474-1A3956D46DE8}") = "Ders4", "Ders4", "{A9FB19D9-E0FE-48FA-8273-B26C44343D07}"
EndProject
Project("{2150E333-8FDC-42A3-9474-1A3956D46DE8}") = "Ders5", "Ders5", "{1EE3F7DA-304C-4BB4-92EE-49E1567B6BD9}"
EndProject
Project("{2150E333-8FDC-42A3-9474-1A3956D46DE8}") = "Ders6", "Ders6", "{CD9C7127-876C-488F-9E95-762E62166A64}"
EndProject
Project("{FAE04EC0-301F-11D3-BF4B-00C04F79EFBC}") = "WebApiAngularJs", "WebApiAngularJs\WebApiAngularJs.csproj", "{015F48D3-F52D-42EA-85AD-3F15F174360F}"
EndProject
Global
	GlobalSection(SolutionConfigurationPlatforms) = preSolution
		Debug|Any CPU = Debug|Any CPU
		Release|Any CPU = Release|Any CPU
	EndGlobalSection
	GlobalSection(ProjectConfigurationPlatforms) = postSolution
		{BDD8B8D3-6567-42B9-848B-5F51C8A0EBBE}.Debug|Any CPU.ActiveCfg = Debug|Any CPU
		{BDD8B8D3-6567-42B9-848B-5F51C8A0EBBE}.Debug|Any CPU.Build.0 = Debug|Any CPU
		{BDD8B8D3-6567-42B9-848B-5F51C8A0EBBE}.Release|Any CPU.ActiveCfg = Release|Any CPU
		{BDD8B8D3-6567-42B9-848B-5F51C8A0EBBE}.Release|Any CPU.Build.0 = Release|Any CPU
		{5D1BE21D-9A1E-4665-B8F7-EF70474A00F7}.Debug|Any CPU.ActiveCfg = Debug|Any CPU
		{5D1BE21D-9A1E-4665-B8F7-EF70474A00F7}.Debug|Any CPU.Build.0 = Debug|Any CPU
		{5D1BE21D-9A1E-4665-B8F7-EF70474A00F7}.Release|Any CPU.ActiveCfg = Release|Any CPU
		{5D1BE21D-9A1E-4665-B8F7-EF70474A00F7}.Release|Any CPU.Build.0 = Release|Any CPU
		{4A7254DC-8E49-45EF-90F0-5290583B6E94}.Debug|Any CPU.ActiveCfg = Debug|Any CPU
		{4A7254DC-8E49-45EF-90F0-5290583B6E94}.Debug|Any CPU.Build.0 = Debug|Any CPU
		{4A7254DC-8E49-45EF-90F0-5290583B6E94}.Release|Any CPU.ActiveCfg = Release|Any CPU
		{4A7254DC-8E49-45EF-90F0-5290583B6E94}.Release|Any CPU.Build.0 = Release|Any CPU
		{9CECF10B-1013-4357-B29C-4B8C90688451}.Debug|Any CPU.ActiveCfg = Debug|Any CPU
		{9CECF10B-1013-4357-B29C-4B8C90688451}.Debug|Any CPU.Build.0 = Debug|Any CPU
		{9CECF10B-1013-4357-B29C-4B8C90688451}.Release|Any CPU.ActiveCfg = Release|Any CPU
		{9CECF10B-1013-4357-B29C-4B8C90688451}.Release|Any CPU.Build.0 = Release|Any CPU
		{0BB5A3B7-F9CD-458F-B77E-349851BB3A40}.Debug|Any CPU.ActiveCfg = Debug|Any CPU
		{0BB5A3B7-F9CD-458F-B77E-349851BB3A40}.Debug|Any CPU.Build.0 = Debug|Any CPU
		{0BB5A3B7-F9CD-458F-B77E-349851BB3A40}.Release|Any CPU.ActiveCfg = Release|Any CPU
		{0BB5A3B7-F9CD-458F-B77E-349851BB3A40}.Release|Any CPU.Build.0 = Release|Any CPU
		{2DFEBD0A-CDE1-414B-9755-6115B13766E8}.Debug|Any CPU.ActiveCfg = Debug|Any CPU
		{2DFEBD0A-CDE1-414B-9755-6115B13766E8}.Debug|Any CPU.Build.0 = Debug|Any CPU
		{2DFEBD0A-CDE1-414B-9755-6115B13766E8}.Release|Any CPU.ActiveCfg = Release|Any CPU
		{2DFEBD0A-CDE1-414B-9755-6115B13766E8}.Release|Any CPU.Build.0 = Release|Any CPU
		{37900178-8E01-4582-AA46-9C95F1AF39BB}.Debug|Any CPU.ActiveCfg = Debug|Any CPU
		{37900178-8E01-4582-AA46-9C95F1AF39BB}.Debug|Any CPU.Build.0 = Debug|Any CPU
		{37900178-8E01-4582-AA46-9C95F1AF39BB}.Release|Any CPU.ActiveCfg = Release|Any CPU
		{37900178-8E01-4582-AA46-9C95F1AF39BB}.Release|Any CPU.Build.0 = Release|Any CPU
		{E21EBB06-03E7-418A-8DDD-5E225A4B9058}.Debug|Any CPU.ActiveCfg = Debug|Any CPU
		{E21EBB06-03E7-418A-8DDD-5E225A4B9058}.Debug|Any CPU.Build.0 = Debug|Any CPU
		{E21EBB06-03E7-418A-8DDD-5E225A4B9058}.Release|Any CPU.ActiveCfg = Release|Any CPU
		{E21EBB06-03E7-418A-8DDD-5E225A4B9058}.Release|Any CPU.Build.0 = Release|Any CPU
		{9D7054B3-EB06-4843-8A04-C5E9A7BE8F83}.Debug|Any CPU.ActiveCfg = Debug|Any CPU
		{9D7054B3-EB06-4843-8A04-C5E9A7BE8F83}.Debug|Any CPU.Build.0 = Debug|Any CPU
		{9D7054B3-EB06-4843-8A04-C5E9A7BE8F83}.Release|Any CPU.ActiveCfg = Release|Any CPU
		{9D7054B3-EB06-4843-8A04-C5E9A7BE8F83}.Release|Any CPU.Build.0 = Release|Any CPU
		{802BC0BA-A152-4B16-A98E-CDEA7A0F428D}.Debug|Any CPU.ActiveCfg = Debug|Any CPU
		{802BC0BA-A152-4B16-A98E-CDEA7A0F428D}.Debug|Any CPU.Build.0 = Debug|Any CPU
		{802BC0BA-A152-4B16-A98E-CDEA7A0F428D}.Release|Any CPU.ActiveCfg = Release|Any CPU
		{802BC0BA-A152-4B16-A98E-CDEA7A0F428D}.Release|Any CPU.Build.0 = Release|Any CPU
		{C47A4B28-E8FF-4D74-B45C-1C02518B9A36}.Debug|Any CPU.ActiveCfg = Debug|Any CPU
		{C47A4B28-E8FF-4D74-B45C-1C02518B9A36}.Debug|Any CPU.Build.0 = Debug|Any CPU
		{C47A4B28-E8FF-4D74-B45C-1C02518B9A36}.Release|Any CPU.ActiveCfg = Release|Any CPU
		{C47A4B28-E8FF-4D74-B45C-1C02518B9A36}.Release|Any CPU.Build.0 = Release|Any CPU
		{015F48D3-F52D-42EA-85AD-3F15F174360F}.Debug|Any CPU.ActiveCfg = Debug|Any CPU
		{015F48D3-F52D-42EA-85AD-3F15F174360F}.Debug|Any CPU.Build.0 = Debug|Any CPU
		{015F48D3-F52D-42EA-85AD-3F15F174360F}.Release|Any CPU.ActiveCfg = Release|Any CPU
		{015F48D3-F52D-42EA-85AD-3F15F174360F}.Release|Any CPU.Build.0 = Release|Any CPU
	EndGlobalSection
	GlobalSection(SolutionProperties) = preSolution
		HideSolutionNode = FALSE
	EndGlobalSection
	GlobalSection(NestedProjects) = preSolution
		{BDD8B8D3-6567-42B9-848B-5F51C8A0EBBE} = {76A85CB2-8A06-44FA-9280-0903E24D3AD5}
		{5D1BE21D-9A1E-4665-B8F7-EF70474A00F7} = {D37B5EB8-6D10-4572-B89C-F1C9B19688EC}
		{4A7254DC-8E49-45EF-90F0-5290583B6E94} = {D37B5EB8-6D10-4572-B89C-F1C9B19688EC}
		{F0DE489F-CC72-4F68-ACB2-918914602979} = {990E879E-F477-4573-96BD-AD43E8914359}
		{60CB0E26-B768-416C-873A-6A6CC447048B} = {990E879E-F477-4573-96BD-AD43E8914359}
		{9CECF10B-1013-4357-B29C-4B8C90688451} = {60CB0E26-B768-416C-873A-6A6CC447048B}
		{0BB5A3B7-F9CD-458F-B77E-349851BB3A40} = {F0DE489F-CC72-4F68-ACB2-918914602979}
		{2DFEBD0A-CDE1-414B-9755-6115B13766E8} = {F0DE489F-CC72-4F68-ACB2-918914602979}
		{37900178-8E01-4582-AA46-9C95F1AF39BB} = {F0DE489F-CC72-4F68-ACB2-918914602979}
		{E21EBB06-03E7-418A-8DDD-5E225A4B9058} = {F0DE489F-CC72-4F68-ACB2-918914602979}
		{9D7054B3-EB06-4843-8A04-C5E9A7BE8F83} = {B289BC81-88F5-4AC4-9C4A-9DFF22D0FD4E}
		{802BC0BA-A152-4B16-A98E-CDEA7A0F428D} = {B289BC81-88F5-4AC4-9C4A-9DFF22D0FD4E}
		{C47A4B28-E8FF-4D74-B45C-1C02518B9A36} = {B289BC81-88F5-4AC4-9C4A-9DFF22D0FD4E}
		{015F48D3-F52D-42EA-85AD-3F15F174360F} = {CD9C7127-876C-488F-9E95-762E62166A64}
	EndGlobalSection
	GlobalSection(ExtensibilityGlobals) = postSolution
		SolutionGuid = {E442A7B4-E887-40FA-858E-0EFA10D326E8}
	EndGlobalSection
EndGlobal
