
Microsoft Visual Studio Solution File, Format Version 12.00
# Visual Studio Version 16
VisualStudioVersion = 16.0.28527.54
MinimumVisualStudioVersion = 10.0.40219.1
Project("{2150E333-8FDC-42A3-9474-1A3956D46DE8}") = "Ders2", "Ders2", "{D37B5EB8-6D10-4572-B89C-F1C9B19688EC}"
EndProject
Project("{FAE04EC0-301F-11D3-BF4B-00C04F79EFBC}") = "AjaxIslemler", "AjaxIslemler\AjaxIslemler.csproj", "{BDD8B8D3-6567-42B9-848B-5F51C8A0EBBE}"
EndProject
Project("{FAE04EC0-301F-11D3-BF4B-00C04F79EFBC}") = "MvcExamples-01-Layout", "MvcExamples-01-Layout\MvcExamples-01-Layout.csproj", "{5D1BE21D-9A1E-4665-B8F7-EF70474A00F7}"
EndProject
Project("{FAE04EC0-301F-11D3-BF4B-00C04F79EFBC}") = "MvcExamples-02-WebSiteProject", "MvcExamples-02-WebSiteProject\MvcExamples-02-WebSiteProject.csproj", "{4A7254DC-8E49-45EF-90F0-5290583B6E94}"
EndProject
Project("{2150E333-8FDC-42A3-9474-1A3956D46DE8}") = "Ders3", "Ders3", "{990E879E-F477-4573-96BD-AD43E8914359}"
EndProject
Project("{2150E333-8FDC-42A3-9474-1A3956D46DE8}") = "Ders1", "Ders1", "{76A85CB2-8A06-44FA-9280-0903E24D3AD5}"
EndProject
Project("{2150E333-8FDC-42A3-9474-1A3956D46DE8}") = "Proje", "Proje", "{F0DE489F-CC72-4F68-ACB2-918914602979}"
EndProject
Project("{2150E333-8FDC-42A3-9474-1A3956D46DE8}") = "Tema", "Tema", "{60CB0E26-B768-416C-873A-6A6CC447048B}"
EndProject
Project("{FAE04EC0-301F-11D3-BF4B-00C04F79EFBC}") = "Admin.Tema", "Admin.Tema\Admin.Tema.csproj", "{9CECF10B-1013-4357-B29C-4B8C90688451}"
EndProject
Project("{FAE04EC0-301F-11D3-BF4B-00C04F79EFBC}") = "Admin.Web.UI", "Admin.Web.UI\Admin.Web.UI.csproj", "{0BB5A3B7-F9CD-458F-B77E-349851BB3A40}"
EndProject
Project("{FAE04EC0-301F-11D3-BF4B-00C04F79EFBC}") = "Admin.Models", "Admin.Models\Admin.Models.csproj", "{2DFEBD0A-CDE1-414B-9755-6115B13766E8}"
EndProject
Project("{FAE04EC0-301F-11D3-BF4B-00C04F79EFBC}") = "Admin.DAL", "Admin.DAL\Admin.DAL.csproj", "{37900178-8E01-4582-AA46-9C95F1AF39BB}"
EndProject
Project("{FAE04EC0-301F-11D3-BF4B-00C04F79EFBC}") = "Admin.BLL", "Admin.BLL\Admin.BLL.csproj", "{E21EBB06-03E7-418A-8DDD-5E225A4B9058}"
EndProject
Project("{2150E333-8FDC-42A3-9474-1A3956D46DE8}") = "Ders4", "Ders4", "{CB776041-9590-4BFA-89BF-B833B967D62B}"
EndProject
Project("{FAE04EC0-301F-11D3-BF4B-00C04F79EFBC}") = "MyWebSite", "..\..\MyWebSite\MyWebSite.csproj", "{B0C28F92-FB2D-4141-BCC9-F7CD90085C76}"
EndProject
Project("{FAE04EC0-301F-11D3-BF4B-00C04F79EFBC}") = "MyWebSite.DAL", "..\..\MyWebSite\MyWebSite.DAL\MyWebSite.DAL.csproj", "{4A646B68-1A32-44CE-A874-3D030F326D41}"
EndProject
Project("{FAE04EC0-301F-11D3-BF4B-00C04F79EFBC}") = "MyWebSite.BLL", "MyWebSite.BLL\MyWebSite.BLL.csproj", "{E5A878BB-3738-4F87-8563-3DD43FC418D2}"
EndProject
Global
	GlobalSection(SolutionConfigurationPlatforms) = preSolution
		Debug|Any CPU = Debug|Any CPU
		Release|Any CPU = Release|Any CPU
	EndGlobalSection
	GlobalSection(ProjectConfigurationPlatforms) = postSolution
		{BDD8B8D3-6567-42B9-848B-5F51C8A0EBBE}.Debug|Any CPU.ActiveCfg = Debug|Any CPU
		{BDD8B8D3-6567-42B9-848B-5F51C8A0EBBE}.Debug|Any CPU.Build.0 = Debug|Any CPU
		{BDD8B8D3-6567-42B9-848B-5F51C8A0EBBE}.Release|Any CPU.ActiveCfg = Release|Any CPU
		{BDD8B8D3-6567-42B9-848B-5F51C8A0EBBE}.Release|Any CPU.Build.0 = Release|Any CPU
		{5D1BE21D-9A1E-4665-B8F7-EF70474A00F7}.Debug|Any CPU.ActiveCfg = Debug|Any CPU
		{5D1BE21D-9A1E-4665-B8F7-EF70474A00F7}.Debug|Any CPU.Build.0 = Debug|Any CPU
		{5D1BE21D-9A1E-4665-B8F7-EF70474A00F7}.Release|Any CPU.ActiveCfg = Release|Any CPU
		{5D1BE21D-9A1E-4665-B8F7-EF70474A00F7}.Release|Any CPU.Build.0 = Release|Any CPU
		{4A7254DC-8E49-45EF-90F0-5290583B6E94}.Debug|Any CPU.ActiveCfg = Debug|Any CPU
		{4A7254DC-8E49-45EF-90F0-5290583B6E94}.Debug|Any CPU.Build.0 = Debug|Any CPU
		{4A7254DC-8E49-45EF-90F0-5290583B6E94}.Release|Any CPU.ActiveCfg = Release|Any CPU
		{4A7254DC-8E49-45EF-90F0-5290583B6E94}.Release|Any CPU.Build.0 = Release|Any CPU
		{9CECF10B-1013-4357-B29C-4B8C90688451}.Debug|Any CPU.ActiveCfg = Debug|Any CPU
		{9CECF10B-1013-4357-B29C-4B8C90688451}.Debug|Any CPU.Build.0 = Debug|Any CPU
		{9CECF10B-1013-4357-B29C-4B8C90688451}.Release|Any CPU.ActiveCfg = Release|Any CPU
		{9CECF10B-1013-4357-B29C-4B8C90688451}.Release|Any CPU.Build.0 = Release|Any CPU
		{0BB5A3B7-F9CD-458F-B77E-349851BB3A40}.Debug|Any CPU.ActiveCfg = Debug|Any CPU
		{0BB5A3B7-F9CD-458F-B77E-349851BB3A40}.Debug|Any CPU.Build.0 = Debug|Any CPU
		{0BB5A3B7-F9CD-458F-B77E-349851BB3A40}.Release|Any CPU.ActiveCfg = Release|Any CPU
		{0BB5A3B7-F9CD-458F-B77E-349851BB3A40}.Release|Any CPU.Build.0 = Release|Any CPU
		{2DFEBD0A-CDE1-414B-9755-6115B13766E8}.Debug|Any CPU.ActiveCfg = Debug|Any CPU
		{2DFEBD0A-CDE1-414B-9755-6115B13766E8}.Debug|Any CPU.Build.0 = Debug|Any CPU
		{2DFEBD0A-CDE1-414B-9755-6115B13766E8}.Release|Any CPU.ActiveCfg = Release|Any CPU
		{2DFEBD0A-CDE1-414B-9755-6115B13766E8}.Release|Any CPU.Build.0 = Release|Any CPU
		{37900178-8E01-4582-AA46-9C95F1AF39BB}.Debug|Any CPU.ActiveCfg = Debug|Any CPU
		{37900178-8E01-4582-AA46-9C95F1AF39BB}.Debug|Any CPU.Build.0 = Debug|Any CPU
		{37900178-8E01-4582-AA46-9C95F1AF39BB}.Release|Any CPU.ActiveCfg = Release|Any CPU
		{37900178-8E01-4582-AA46-9C95F1AF39BB}.Release|Any CPU.Build.0 = Release|Any CPU
		{E21EBB06-03E7-418A-8DDD-5E225A4B9058}.Debug|Any CPU.ActiveCfg = Debug|Any CPU
		{E21EBB06-03E7-418A-8DDD-5E225A4B9058}.Debug|Any CPU.Build.0 = Debug|Any CPU
		{E21EBB06-03E7-418A-8DDD-5E225A4B9058}.Release|Any CPU.ActiveCfg = Release|Any CPU
		{E21EBB06-03E7-418A-8DDD-5E225A4B9058}.Release|Any CPU.Build.0 = Release|Any CPU
		{B0C28F92-FB2D-4141-BCC9-F7CD90085C76}.Debug|Any CPU.ActiveCfg = Debug|Any CPU
		{B0C28F92-FB2D-4141-BCC9-F7CD90085C76}.Debug|Any CPU.Build.0 = Debug|Any CPU
		{B0C28F92-FB2D-4141-BCC9-F7CD90085C76}.Release|Any CPU.ActiveCfg = Release|Any CPU
		{B0C28F92-FB2D-4141-BCC9-F7CD90085C76}.Release|Any CPU.Build.0 = Release|Any CPU
		{4A646B68-1A32-44CE-A874-3D030F326D41}.Debug|Any CPU.ActiveCfg = Debug|Any CPU
		{4A646B68-1A32-44CE-A874-3D030F326D41}.Debug|Any CPU.Build.0 = Debug|Any CPU
		{4A646B68-1A32-44CE-A874-3D030F326D41}.Release|Any CPU.ActiveCfg = Release|Any CPU
		{4A646B68-1A32-44CE-A874-3D030F326D41}.Release|Any CPU.Build.0 = Release|Any CPU
		{E5A878BB-3738-4F87-8563-3DD43FC418D2}.Debug|Any CPU.ActiveCfg = Debug|Any CPU
		{E5A878BB-3738-4F87-8563-3DD43FC418D2}.Debug|Any CPU.Build.0 = Debug|Any CPU
		{E5A878BB-3738-4F87-8563-3DD43FC418D2}.Release|Any CPU.ActiveCfg = Release|Any CPU
		{E5A878BB-3738-4F87-8563-3DD43FC418D2}.Release|Any CPU.Build.0 = Release|Any CPU
	EndGlobalSection
	GlobalSection(SolutionProperties) = preSolution
		HideSolutionNode = FALSE
	EndGlobalSection
	GlobalSection(NestedProjects) = preSolution
		{BDD8B8D3-6567-42B9-848B-5F51C8A0EBBE} = {76A85CB2-8A06-44FA-9280-0903E24D3AD5}
		{5D1BE21D-9A1E-4665-B8F7-EF70474A00F7} = {D37B5EB8-6D10-4572-B89C-F1C9B19688EC}
		{4A7254DC-8E49-45EF-90F0-5290583B6E94} = {D37B5EB8-6D10-4572-B89C-F1C9B19688EC}
		{F0DE489F-CC72-4F68-ACB2-918914602979} = {990E879E-F477-4573-96BD-AD43E8914359}
		{60CB0E26-B768-416C-873A-6A6CC447048B} = {990E879E-F477-4573-96BD-AD43E8914359}
		{9CECF10B-1013-4357-B29C-4B8C90688451} = {60CB0E26-B768-416C-873A-6A6CC447048B}
		{0BB5A3B7-F9CD-458F-B77E-349851BB3A40} = {F0DE489F-CC72-4F68-ACB2-918914602979}
		{2DFEBD0A-CDE1-414B-9755-6115B13766E8} = {F0DE489F-CC72-4F68-ACB2-918914602979}
		{37900178-8E01-4582-AA46-9C95F1AF39BB} = {F0DE489F-CC72-4F68-ACB2-918914602979}
		{E21EBB06-03E7-418A-8DDD-5E225A4B9058} = {F0DE489F-CC72-4F68-ACB2-918914602979}
		{B0C28F92-FB2D-4141-BCC9-F7CD90085C76} = {CB776041-9590-4BFA-89BF-B833B967D62B}
		{4A646B68-1A32-44CE-A874-3D030F326D41} = {CB776041-9590-4BFA-89BF-B833B967D62B}
		{E5A878BB-3738-4F87-8563-3DD43FC418D2} = {CB776041-9590-4BFA-89BF-B833B967D62B}
	EndGlobalSection
	GlobalSection(ExtensibilityGlobals) = postSolution
		SolutionGuid = {E442A7B4-E887-40FA-858E-0EFA10D326E8}
	EndGlobalSection
EndGlobal
