
Microsoft Visual Studio Solution File, Format Version 12.00
# Visual Studio 15
VisualStudioVersion = 15.0.28307.271
MinimumVisualStudioVersion = 10.0.40219.1
Project("{2150E333-8FDC-42A3-9474-1A3956D46DE8}") = "Ders2", "Ders2", "{D37B5EB8-6D10-4572-B89C-F1C9B19688EC}"
EndProject
Project("{FAE04EC0-301F-11D3-BF4B-00C04F79EFBC}") = "AjaxIslemler", "AjaxIslemler\AjaxIslemler.csproj", "{BDD8B8D3-6567-42B9-848B-5F51C8A0EBBE}"
EndProject
Project("{FAE04EC0-301F-11D3-BF4B-00C04F79EFBC}") = "MvcExamples-01-Layout", "MvcExamples-01-Layout\MvcExamples-01-Layout.csproj", "{5D1BE21D-9A1E-4665-B8F7-EF70474A00F7}"
EndProject
Project("{FAE04EC0-301F-11D3-BF4B-00C04F79EFBC}") = "MvcExamples-02-WebSiteProject", "MvcExamples-02-WebSiteProject\MvcExamples-02-WebSiteProject.csproj", "{4A7254DC-8E49-45EF-90F0-5290583B6E94}"
EndProject
Global
	GlobalSection(SolutionConfigurationPlatforms) = preSolution
		Debug|Any CPU = Debug|Any CPU
		Release|Any CPU = Release|Any CPU
	EndGlobalSection
	GlobalSection(ProjectConfigurationPlatforms) = postSolution
		{BDD8B8D3-6567-42B9-848B-5F51C8A0EBBE}.Debug|Any CPU.ActiveCfg = Debug|Any CPU
		{BDD8B8D3-6567-42B9-848B-5F51C8A0EBBE}.Debug|Any CPU.Build.0 = Debug|Any CPU
		{BDD8B8D3-6567-42B9-848B-5F51C8A0EBBE}.Release|Any CPU.ActiveCfg = Release|Any CPU
		{BDD8B8D3-6567-42B9-848B-5F51C8A0EBBE}.Release|Any CPU.Build.0 = Release|Any CPU
		{5D1BE21D-9A1E-4665-B8F7-EF70474A00F7}.Debug|Any CPU.ActiveCfg = Debug|Any CPU
		{5D1BE21D-9A1E-4665-B8F7-EF70474A00F7}.Debug|Any CPU.Build.0 = Debug|Any CPU
		{5D1BE21D-9A1E-4665-B8F7-EF70474A00F7}.Release|Any CPU.ActiveCfg = Release|Any CPU
		{5D1BE21D-9A1E-4665-B8F7-EF70474A00F7}.Release|Any CPU.Build.0 = Release|Any CPU
		{4A7254DC-8E49-45EF-90F0-5290583B6E94}.Debug|Any CPU.ActiveCfg = Debug|Any CPU
		{4A7254DC-8E49-45EF-90F0-5290583B6E94}.Debug|Any CPU.Build.0 = Debug|Any CPU
		{4A7254DC-8E49-45EF-90F0-5290583B6E94}.Release|Any CPU.ActiveCfg = Release|Any CPU
		{4A7254DC-8E49-45EF-90F0-5290583B6E94}.Release|Any CPU.Build.0 = Release|Any CPU
	EndGlobalSection
	GlobalSection(SolutionProperties) = preSolution
		HideSolutionNode = FALSE
	EndGlobalSection
	GlobalSection(NestedProjects) = preSolution
		{BDD8B8D3-6567-42B9-848B-5F51C8A0EBBE} = {D37B5EB8-6D10-4572-B89C-F1C9B19688EC}
		{5D1BE21D-9A1E-4665-B8F7-EF70474A00F7} = {D37B5EB8-6D10-4572-B89C-F1C9B19688EC}
		{4A7254DC-8E49-45EF-90F0-5290583B6E94} = {D37B5EB8-6D10-4572-B89C-F1C9B19688EC}
	EndGlobalSection
	GlobalSection(ExtensibilityGlobals) = postSolution
		SolutionGuid = {E442A7B4-E887-40FA-858E-0EFA10D326E8}
	EndGlobalSection
EndGlobal
